// !$*UTF8*$!
{
	archiveVersion = 1;
	classes = {
	};
	objectVersion = 46;
	objects = {

/* Begin PBXBuildFile section */
		111B7AE214FF9CEF009141C0 /* UIKit.framework in Frameworks */ = {isa = PBXBuildFile; fileRef = 111B7AE114FF9CEF009141C0 /* UIKit.framework */; };
		111B7AE414FF9CEF009141C0 /* Foundation.framework in Frameworks */ = {isa = PBXBuildFile; fileRef = 111B7AE314FF9CEF009141C0 /* Foundation.framework */; };
		111B7AE614FF9CEF009141C0 /* CoreGraphics.framework in Frameworks */ = {isa = PBXBuildFile; fileRef = 111B7AE514FF9CEF009141C0 /* CoreGraphics.framework */; };
		111B7AEC14FF9CEF009141C0 /* InfoPlist.strings in Resources */ = {isa = PBXBuildFile; fileRef = 111B7AEA14FF9CEF009141C0 /* InfoPlist.strings */; };
		111B7AEE14FF9CEF009141C0 /* main.m in Sources */ = {isa = PBXBuildFile; fileRef = 111B7AED14FF9CEF009141C0 /* main.m */; };
		111B7AF214FF9CEF009141C0 /* AppDelegate.m in Sources */ = {isa = PBXBuildFile; fileRef = 111B7AF114FF9CEF009141C0 /* AppDelegate.m */; };
		111B7AF514FF9CEF009141C0 /* ViewController.m in Sources */ = {isa = PBXBuildFile; fileRef = 111B7AF414FF9CEF009141C0 /* ViewController.m */; };
		111B7AF814FF9CEF009141C0 /* ViewController.xib in Resources */ = {isa = PBXBuildFile; fileRef = 111B7AF614FF9CEF009141C0 /* ViewController.xib */; };
		111B7B0014FF9CF0009141C0 /* SenTestingKit.framework in Frameworks */ = {isa = PBXBuildFile; fileRef = 111B7AFF14FF9CF0009141C0 /* SenTestingKit.framework */; };
		111B7B0114FF9CF0009141C0 /* UIKit.framework in Frameworks */ = {isa = PBXBuildFile; fileRef = 111B7AE114FF9CEF009141C0 /* UIKit.framework */; };
		111B7B0214FF9CF0009141C0 /* Foundation.framework in Frameworks */ = {isa = PBXBuildFile; fileRef = 111B7AE314FF9CEF009141C0 /* Foundation.framework */; };
		111B7B0A14FF9CF0009141C0 /* InfoPlist.strings in Resources */ = {isa = PBXBuildFile; fileRef = 111B7B0814FF9CF0009141C0 /* InfoPlist.strings */; };
		111B7B0D14FF9CF0009141C0 /* ComicViewerTests.m in Sources */ = {isa = PBXBuildFile; fileRef = 111B7B0C14FF9CF0009141C0 /* ComicViewerTests.m */; };
		1124E4E51525B30A004532B6 /* EGOCache.m in Sources */ = {isa = PBXBuildFile; fileRef = 1124E4BC1525B30A004532B6 /* EGOCache.m */; };
		1124E4E61525B30A004532B6 /* EGOImageLoadConnection.m in Sources */ = {isa = PBXBuildFile; fileRef = 1124E4BE1525B30A004532B6 /* EGOImageLoadConnection.m */; };
		1124E4E71525B30A004532B6 /* EGOImageLoader.m in Sources */ = {isa = PBXBuildFile; fileRef = 1124E4C01525B30A004532B6 /* EGOImageLoader.m */; };
		1124E4E81525B30A004532B6 /* EGOPhotoViewController.m in Sources */ = {isa = PBXBuildFile; fileRef = 1124E4C51525B30A004532B6 /* EGOPhotoViewController.m */; };
		1124E4E91525B30A004532B6 /* EGOQuickPhoto.m in Sources */ = {isa = PBXBuildFile; fileRef = 1124E4CC1525B30A004532B6 /* EGOQuickPhoto.m */; };
		1124E4EA1525B30A004532B6 /* EGOQuickPhotoSource.m in Sources */ = {isa = PBXBuildFile; fileRef = 1124E4CE1525B30A004532B6 /* EGOQuickPhotoSource.m */; };
		1124E4EB1525B30A004532B6 /* egopv_error_placeholder.png in Resources */ = {isa = PBXBuildFile; fileRef = 1124E4D01525B30A004532B6 /* egopv_error_placeholder.png */; };
		1124E4EC1525B30A004532B6 /* egopv_error_placeholder@2x.png in Resources */ = {isa = PBXBuildFile; fileRef = 1124E4D11525B30A004532B6 /* egopv_error_placeholder@2x.png */; };
		1124E4ED1525B30A004532B6 /* egopv_fullscreen_button.png in Resources */ = {isa = PBXBuildFile; fileRef = 1124E4D21525B30A004532B6 /* egopv_fullscreen_button.png */; };
		1124E4EE1525B30A004532B6 /* egopv_fullscreen_button@2x.png in Resources */ = {isa = PBXBuildFile; fileRef = 1124E4D31525B30A004532B6 /* egopv_fullscreen_button@2x.png */; };
		1124E4EF1525B30A004532B6 /* egopv_left.png in Resources */ = {isa = PBXBuildFile; fileRef = 1124E4D41525B30A004532B6 /* egopv_left.png */; };
		1124E4F01525B30A004532B6 /* egopv_left@2x.png in Resources */ = {isa = PBXBuildFile; fileRef = 1124E4D51525B30A004532B6 /* egopv_left@2x.png */; };
		1124E4F11525B30A004532B6 /* egopv_minimize_fullscreen_button.png in Resources */ = {isa = PBXBuildFile; fileRef = 1124E4D61525B30A004532B6 /* egopv_minimize_fullscreen_button.png */; };
		1124E4F21525B30A004532B6 /* egopv_photo_placeholder.png in Resources */ = {isa = PBXBuildFile; fileRef = 1124E4D71525B30A004532B6 /* egopv_photo_placeholder.png */; };
		1124E4F31525B30A004532B6 /* egopv_photo_placeholder@2x.png in Resources */ = {isa = PBXBuildFile; fileRef = 1124E4D81525B30A004532B6 /* egopv_photo_placeholder@2x.png */; };
		1124E4F41525B30A004532B6 /* egopv_right.png in Resources */ = {isa = PBXBuildFile; fileRef = 1124E4D91525B30A004532B6 /* egopv_right.png */; };
		1124E4F51525B30A004532B6 /* egopv_right@2x.png in Resources */ = {isa = PBXBuildFile; fileRef = 1124E4DA1525B30A004532B6 /* egopv_right@2x.png */; };
		1124E4F61525B30A004532B6 /* EGOPhotoCaptionView.m in Sources */ = {isa = PBXBuildFile; fileRef = 1124E4DE1525B30A004532B6 /* EGOPhotoCaptionView.m */; };
		1124E4F71525B30A004532B6 /* EGOPhotoImageView.m in Sources */ = {isa = PBXBuildFile; fileRef = 1124E4E11525B30A004532B6 /* EGOPhotoImageView.m */; };
		1124E4F81525B30A004532B6 /* EGOPhotoScrollView.m in Sources */ = {isa = PBXBuildFile; fileRef = 1124E4E41525B30A004532B6 /* EGOPhotoScrollView.m */; };
		1124E4FE1525B42C004532B6 /* VolumnPhoto.m in Sources */ = {isa = PBXBuildFile; fileRef = 1124E4FD1525B42C004532B6 /* VolumnPhoto.m */; };
		1124E5011525B453004532B6 /* VolumnPhotoSource.m in Sources */ = {isa = PBXBuildFile; fileRef = 1124E5001525B453004532B6 /* VolumnPhotoSource.m */; };
		1124E5031525B797004532B6 /* MessageUI.framework in Frameworks */ = {isa = PBXBuildFile; fileRef = 1124E5021525B796004532B6 /* MessageUI.framework */; };
		117F1D68150637BD0071BC2A /* ZoomView.m in Sources */ = {isa = PBXBuildFile; fileRef = 117F1D38150637BD0071BC2A /* ZoomView.m */; };
		117F1D80150637C40071BC2A /* DocumentView-Shadow-Left.png in Resources */ = {isa = PBXBuildFile; fileRef = 117F1D6A150637C40071BC2A /* DocumentView-Shadow-Left.png */; };
		117F1D81150637C40071BC2A /* DocumentView-Shadow-Right.png in Resources */ = {isa = PBXBuildFile; fileRef = 117F1D6B150637C40071BC2A /* DocumentView-Shadow-Right.png */; };
		117F1D82150637C40071BC2A /* ExtendedPageControl-Info-Off.png in Resources */ = {isa = PBXBuildFile; fileRef = 117F1D6C150637C40071BC2A /* ExtendedPageControl-Info-Off.png */; };
		117F1D83150637C40071BC2A /* ExtendedPageControl-Info-On.png in Resources */ = {isa = PBXBuildFile; fileRef = 117F1D6D150637C40071BC2A /* ExtendedPageControl-Info-On.png */; };
		117F1D84150637C40071BC2A /* ExtendedPageControl-Item-Off.png in Resources */ = {isa = PBXBuildFile; fileRef = 117F1D6E150637C40071BC2A /* ExtendedPageControl-Item-Off.png */; };
		117F1D85150637C40071BC2A /* ExtendedPageControl-Item-On.png in Resources */ = {isa = PBXBuildFile; fileRef = 117F1D6F150637C40071BC2A /* ExtendedPageControl-Item-On.png */; };
		117F1D86150637C40071BC2A /* FileSystemView-Directory.png in Resources */ = {isa = PBXBuildFile; fileRef = 117F1D70150637C40071BC2A /* FileSystemView-Directory.png */; };
		117F1D87150637C40071BC2A /* FileSystemView-File.png in Resources */ = {isa = PBXBuildFile; fileRef = 117F1D71150637C40071BC2A /* FileSystemView-File.png */; };
		117F1D88150637C40071BC2A /* GridView-Background.png in Resources */ = {isa = PBXBuildFile; fileRef = 117F1D72150637C40071BC2A /* GridView-Background.png */; };
		117F1D89150637C40071BC2A /* MovieView-Button-Disabled.png in Resources */ = {isa = PBXBuildFile; fileRef = 117F1D73150637C40071BC2A /* MovieView-Button-Disabled.png */; };
		117F1D8A150637C40071BC2A /* MovieView-Button-Off.png in Resources */ = {isa = PBXBuildFile; fileRef = 117F1D74150637C40071BC2A /* MovieView-Button-Off.png */; };
		117F1D8B150637C40071BC2A /* MovieView-Button-On.png in Resources */ = {isa = PBXBuildFile; fileRef = 117F1D75150637C40071BC2A /* MovieView-Button-On.png */; };
		117F1D8C150637C40071BC2A /* NavigationControl-Marker.png in Resources */ = {isa = PBXBuildFile; fileRef = 117F1D76150637C40071BC2A /* NavigationControl-Marker.png */; };
		117F1D8D150637C40071BC2A /* NavigationControl-Thumb.png in Resources */ = {isa = PBXBuildFile; fileRef = 117F1D77150637C40071BC2A /* NavigationControl-Thumb.png */; };
		117F1D8E150637C40071BC2A /* OverlayView-Arrow-Bottom.png in Resources */ = {isa = PBXBuildFile; fileRef = 117F1D78150637C40071BC2A /* OverlayView-Arrow-Bottom.png */; };
		117F1D8F150637C40071BC2A /* OverlayView-Arrow-Left.png in Resources */ = {isa = PBXBuildFile; fileRef = 117F1D79150637C40071BC2A /* OverlayView-Arrow-Left.png */; };
		117F1D90150637C40071BC2A /* OverlayView-Arrow-Right.png in Resources */ = {isa = PBXBuildFile; fileRef = 117F1D7A150637C40071BC2A /* OverlayView-Arrow-Right.png */; };
		117F1D91150637C40071BC2A /* OverlayView-Arrow-Top.png in Resources */ = {isa = PBXBuildFile; fileRef = 117F1D7B150637C40071BC2A /* OverlayView-Arrow-Top.png */; };
		117F1D92150637C40071BC2A /* OverlayView-Contents.png in Resources */ = {isa = PBXBuildFile; fileRef = 117F1D7C150637C40071BC2A /* OverlayView-Contents.png */; };
		117F1D93150637C40071BC2A /* TextIndex-StopWords.txt in Resources */ = {isa = PBXBuildFile; fileRef = 117F1D7D150637C40071BC2A /* TextIndex-StopWords.txt */; };
		117F1D94150637C40071BC2A /* WebViewController-Back.png in Resources */ = {isa = PBXBuildFile; fileRef = 117F1D7E150637C40071BC2A /* WebViewController-Back.png */; };
		117F1D95150637C40071BC2A /* WebViewController-Forward.png in Resources */ = {isa = PBXBuildFile; fileRef = 117F1D7F150637C40071BC2A /* WebViewController-Forward.png */; };
		117F1D9815063DDE0071BC2A /* ComicPageView.m in Sources */ = {isa = PBXBuildFile; fileRef = 117F1D9715063DDD0071BC2A /* ComicPageView.m */; };
		117F1DCA1507A37C0071BC2A /* libxml2.dylib in Frameworks */ = {isa = PBXBuildFile; fileRef = 117F1DC91507A37B0071BC2A /* libxml2.dylib */; };
		11BD614E151046100005568C /* libsqlite3.dylib in Frameworks */ = {isa = PBXBuildFile; fileRef = 11BD614D151046100005568C /* libsqlite3.dylib */; };
		11BD6150151049370005568C /* QuartzCore.framework in Frameworks */ = {isa = PBXBuildFile; fileRef = 11BD614F151049370005568C /* QuartzCore.framework */; };
		11BD61F515137B510005568C /* Comic.m in Sources */ = {isa = PBXBuildFile; fileRef = 11BD61F415137B510005568C /* Comic.m */; };
		11BD61F81514617A0005568C /* Volumn.m in Sources */ = {isa = PBXBuildFile; fileRef = 11BD61F7151461790005568C /* Volumn.m */; };
		11BD621415147A0F0005568C /* AFHTTPClient.m in Sources */ = {isa = PBXBuildFile; fileRef = 11BD61FF15147A0F0005568C /* AFHTTPClient.m */; };
		11BD621515147A0F0005568C /* AFHTTPRequestOperation.m in Sources */ = {isa = PBXBuildFile; fileRef = 11BD620115147A0F0005568C /* AFHTTPRequestOperation.m */; };
		11BD621615147A0F0005568C /* AFImageCache.m in Sources */ = {isa = PBXBuildFile; fileRef = 11BD620315147A0F0005568C /* AFImageCache.m */; };
		11BD621715147A0F0005568C /* AFImageRequestOperation.m in Sources */ = {isa = PBXBuildFile; fileRef = 11BD620515147A0F0005568C /* AFImageRequestOperation.m */; };
		11BD621815147A0F0005568C /* AFJSONRequestOperation.m in Sources */ = {isa = PBXBuildFile; fileRef = 11BD620715147A0F0005568C /* AFJSONRequestOperation.m */; };
		11BD621915147A0F0005568C /* AFNetworkActivityIndicatorManager.m in Sources */ = {isa = PBXBuildFile; fileRef = 11BD620A15147A0F0005568C /* AFNetworkActivityIndicatorManager.m */; };
		11BD621A15147A0F0005568C /* AFPropertyListRequestOperation.m in Sources */ = {isa = PBXBuildFile; fileRef = 11BD620D15147A0F0005568C /* AFPropertyListRequestOperation.m */; };
		11BD621B15147A0F0005568C /* AFURLConnectionOperation.m in Sources */ = {isa = PBXBuildFile; fileRef = 11BD620F15147A0F0005568C /* AFURLConnectionOperation.m */; };
		11BD621C15147A0F0005568C /* AFXMLRequestOperation.m in Sources */ = {isa = PBXBuildFile; fileRef = 11BD621115147A0F0005568C /* AFXMLRequestOperation.m */; };
		11BD621D15147A0F0005568C /* UIImageView+AFNetworking.m in Sources */ = {isa = PBXBuildFile; fileRef = 11BD621315147A0F0005568C /* UIImageView+AFNetworking.m */; };
		11BD622115147A170005568C /* GDataXMLNode.m in Sources */ = {isa = PBXBuildFile; fileRef = 11BD622015147A170005568C /* GDataXMLNode.m */; };
		11BD6227151499EE0005568C /* HTMLNode.m in Sources */ = {isa = PBXBuildFile; fileRef = 11BD6224151499EE0005568C /* HTMLNode.m */; };
		11BD6228151499EE0005568C /* HTMLParser.m in Sources */ = {isa = PBXBuildFile; fileRef = 11BD6226151499EE0005568C /* HTMLParser.m */; };
		11BD622B1514ACA60005568C /* VolumnController.m in Sources */ = {isa = PBXBuildFile; fileRef = 11BD622A1514ACA50005568C /* VolumnController.m */; };
		11F3F67D151581DE00F2D50B /* KangDmParser.m in Sources */ = {isa = PBXBuildFile; fileRef = 11F3F67C151581DE00F2D50B /* KangDmParser.m */; };
		11F3F6A01515966A00F2D50B /* KangDmParserTests.m in Sources */ = {isa = PBXBuildFile; fileRef = 11F3F69F1515966A00F2D50B /* KangDmParserTests.m */; };
		11F3F6B11521B57700F2D50B /* WebParser.m in Sources */ = {isa = PBXBuildFile; fileRef = 11F3F6B01521B57700F2D50B /* WebParser.m */; };
		11F3F6B41522035B00F2D50B /* comicbook.png in Resources */ = {isa = PBXBuildFile; fileRef = 11F3F6B31522035B00F2D50B /* comicbook.png */; };
/* End PBXBuildFile section */

/* Begin PBXContainerItemProxy section */
		111B7B0314FF9CF0009141C0 /* PBXContainerItemProxy */ = {
			isa = PBXContainerItemProxy;
			containerPortal = 111B7AD414FF9CEF009141C0 /* Project object */;
			proxyType = 1;
			remoteGlobalIDString = 111B7ADC14FF9CEF009141C0;
			remoteInfo = ComicViewer;
		};
/* End PBXContainerItemProxy section */

/* Begin PBXFileReference section */
		111B7ADD14FF9CEF009141C0 /* ComicViewer.app */ = {isa = PBXFileReference; explicitFileType = wrapper.application; includeInIndex = 0; path = ComicViewer.app; sourceTree = BUILT_PRODUCTS_DIR; };
		111B7AE114FF9CEF009141C0 /* UIKit.framework */ = {isa = PBXFileReference; lastKnownFileType = wrapper.framework; name = UIKit.framework; path = System/Library/Frameworks/UIKit.framework; sourceTree = SDKROOT; };
		111B7AE314FF9CEF009141C0 /* Foundation.framework */ = {isa = PBXFileReference; lastKnownFileType = wrapper.framework; name = Foundation.framework; path = System/Library/Frameworks/Foundation.framework; sourceTree = SDKROOT; };
		111B7AE514FF9CEF009141C0 /* CoreGraphics.framework */ = {isa = PBXFileReference; lastKnownFileType = wrapper.framework; name = CoreGraphics.framework; path = System/Library/Frameworks/CoreGraphics.framework; sourceTree = SDKROOT; };
		111B7AE914FF9CEF009141C0 /* ComicViewer-Info.plist */ = {isa = PBXFileReference; lastKnownFileType = text.plist.xml; path = "ComicViewer-Info.plist"; sourceTree = "<group>"; };
		111B7AEB14FF9CEF009141C0 /* en */ = {isa = PBXFileReference; lastKnownFileType = text.plist.strings; name = en; path = en.lproj/InfoPlist.strings; sourceTree = "<group>"; };
		111B7AED14FF9CEF009141C0 /* main.m */ = {isa = PBXFileReference; lastKnownFileType = sourcecode.c.objc; path = main.m; sourceTree = "<group>"; };
		111B7AEF14FF9CEF009141C0 /* ComicViewer-Prefix.pch */ = {isa = PBXFileReference; lastKnownFileType = sourcecode.c.h; path = "ComicViewer-Prefix.pch"; sourceTree = "<group>"; };
		111B7AF014FF9CEF009141C0 /* AppDelegate.h */ = {isa = PBXFileReference; lastKnownFileType = sourcecode.c.h; path = AppDelegate.h; sourceTree = "<group>"; };
		111B7AF114FF9CEF009141C0 /* AppDelegate.m */ = {isa = PBXFileReference; lastKnownFileType = sourcecode.c.objc; path = AppDelegate.m; sourceTree = "<group>"; };
		111B7AF314FF9CEF009141C0 /* ViewController.h */ = {isa = PBXFileReference; lastKnownFileType = sourcecode.c.h; path = ViewController.h; sourceTree = "<group>"; };
		111B7AF414FF9CEF009141C0 /* ViewController.m */ = {isa = PBXFileReference; lastKnownFileType = sourcecode.c.objc; path = ViewController.m; sourceTree = "<group>"; };
		111B7AF714FF9CEF009141C0 /* en */ = {isa = PBXFileReference; lastKnownFileType = file.xib; name = en; path = en.lproj/ViewController.xib; sourceTree = "<group>"; };
		111B7AFE14FF9CF0009141C0 /* ComicViewerTests.octest */ = {isa = PBXFileReference; explicitFileType = wrapper.cfbundle; includeInIndex = 0; path = ComicViewerTests.octest; sourceTree = BUILT_PRODUCTS_DIR; };
		111B7AFF14FF9CF0009141C0 /* SenTestingKit.framework */ = {isa = PBXFileReference; lastKnownFileType = wrapper.framework; name = SenTestingKit.framework; path = Library/Frameworks/SenTestingKit.framework; sourceTree = DEVELOPER_DIR; };
		111B7B0714FF9CF0009141C0 /* ComicViewerTests-Info.plist */ = {isa = PBXFileReference; lastKnownFileType = text.plist.xml; path = "ComicViewerTests-Info.plist"; sourceTree = "<group>"; };
		111B7B0914FF9CF0009141C0 /* en */ = {isa = PBXFileReference; lastKnownFileType = text.plist.strings; name = en; path = en.lproj/InfoPlist.strings; sourceTree = "<group>"; };
		111B7B0B14FF9CF0009141C0 /* ComicViewerTests.h */ = {isa = PBXFileReference; lastKnownFileType = sourcecode.c.h; path = ComicViewerTests.h; sourceTree = "<group>"; };
		111B7B0C14FF9CF0009141C0 /* ComicViewerTests.m */ = {isa = PBXFileReference; lastKnownFileType = sourcecode.c.objc; path = ComicViewerTests.m; sourceTree = "<group>"; };
		1124E4BB1525B30A004532B6 /* EGOCache.h */ = {isa = PBXFileReference; fileEncoding = 4; lastKnownFileType = sourcecode.c.h; path = EGOCache.h; sourceTree = "<group>"; };
		1124E4BC1525B30A004532B6 /* EGOCache.m */ = {isa = PBXFileReference; fileEncoding = 4; lastKnownFileType = sourcecode.c.objc; path = EGOCache.m; sourceTree = "<group>"; };
		1124E4BD1525B30A004532B6 /* EGOImageLoadConnection.h */ = {isa = PBXFileReference; fileEncoding = 4; lastKnownFileType = sourcecode.c.h; path = EGOImageLoadConnection.h; sourceTree = "<group>"; };
		1124E4BE1525B30A004532B6 /* EGOImageLoadConnection.m */ = {isa = PBXFileReference; fileEncoding = 4; lastKnownFileType = sourcecode.c.objc; path = EGOImageLoadConnection.m; sourceTree = "<group>"; };
		1124E4BF1525B30A004532B6 /* EGOImageLoader.h */ = {isa = PBXFileReference; fileEncoding = 4; lastKnownFileType = sourcecode.c.h; path = EGOImageLoader.h; sourceTree = "<group>"; };
		1124E4C01525B30A004532B6 /* EGOImageLoader.m */ = {isa = PBXFileReference; fileEncoding = 4; lastKnownFileType = sourcecode.c.objc; path = EGOImageLoader.m; sourceTree = "<group>"; };
		1124E4C41525B30A004532B6 /* EGOPhotoViewController.h */ = {isa = PBXFileReference; fileEncoding = 4; lastKnownFileType = sourcecode.c.h; path = EGOPhotoViewController.h; sourceTree = "<group>"; };
		1124E4C51525B30A004532B6 /* EGOPhotoViewController.m */ = {isa = PBXFileReference; fileEncoding = 4; lastKnownFileType = sourcecode.c.objc; path = EGOPhotoViewController.m; sourceTree = "<group>"; };
		1124E4C61525B30A004532B6 /* EGOPhotoGlobal.h */ = {isa = PBXFileReference; fileEncoding = 4; lastKnownFileType = sourcecode.c.h; path = EGOPhotoGlobal.h; sourceTree = "<group>"; };
		1124E4C91525B30A004532B6 /* EGOPhotoSource.h */ = {isa = PBXFileReference; fileEncoding = 4; lastKnownFileType = sourcecode.c.h; path = EGOPhotoSource.h; sourceTree = "<group>"; };
		1124E4CB1525B30A004532B6 /* EGOQuickPhoto.h */ = {isa = PBXFileReference; fileEncoding = 4; lastKnownFileType = sourcecode.c.h; path = EGOQuickPhoto.h; sourceTree = "<group>"; };
		1124E4CC1525B30A004532B6 /* EGOQuickPhoto.m */ = {isa = PBXFileReference; fileEncoding = 4; lastKnownFileType = sourcecode.c.objc; path = EGOQuickPhoto.m; sourceTree = "<group>"; };
		1124E4CD1525B30A004532B6 /* EGOQuickPhotoSource.h */ = {isa = PBXFileReference; fileEncoding = 4; lastKnownFileType = sourcecode.c.h; path = EGOQuickPhotoSource.h; sourceTree = "<group>"; };
		1124E4CE1525B30A004532B6 /* EGOQuickPhotoSource.m */ = {isa = PBXFileReference; fileEncoding = 4; lastKnownFileType = sourcecode.c.objc; path = EGOQuickPhotoSource.m; sourceTree = "<group>"; };
		1124E4D01525B30A004532B6 /* egopv_error_placeholder.png */ = {isa = PBXFileReference; lastKnownFileType = image.png; path = egopv_error_placeholder.png; sourceTree = "<group>"; };
		1124E4D11525B30A004532B6 /* egopv_error_placeholder@2x.png */ = {isa = PBXFileReference; lastKnownFileType = image.png; path = "egopv_error_placeholder@2x.png"; sourceTree = "<group>"; };
		1124E4D21525B30A004532B6 /* egopv_fullscreen_button.png */ = {isa = PBXFileReference; lastKnownFileType = image.png; path = egopv_fullscreen_button.png; sourceTree = "<group>"; };
		1124E4D31525B30A004532B6 /* egopv_fullscreen_button@2x.png */ = {isa = PBXFileReference; lastKnownFileType = image.png; path = "egopv_fullscreen_button@2x.png"; sourceTree = "<group>"; };
		1124E4D41525B30A004532B6 /* egopv_left.png */ = {isa = PBXFileReference; lastKnownFileType = image.png; path = egopv_left.png; sourceTree = "<group>"; };
		1124E4D51525B30A004532B6 /* egopv_left@2x.png */ = {isa = PBXFileReference; lastKnownFileType = image.png; path = "egopv_left@2x.png"; sourceTree = "<group>"; };
		1124E4D61525B30A004532B6 /* egopv_minimize_fullscreen_button.png */ = {isa = PBXFileReference; lastKnownFileType = image.png; path = egopv_minimize_fullscreen_button.png; sourceTree = "<group>"; };
		1124E4D71525B30A004532B6 /* egopv_photo_placeholder.png */ = {isa = PBXFileReference; lastKnownFileType = image.png; path = egopv_photo_placeholder.png; sourceTree = "<group>"; };
		1124E4D81525B30A004532B6 /* egopv_photo_placeholder@2x.png */ = {isa = PBXFileReference; lastKnownFileType = image.png; path = "egopv_photo_placeholder@2x.png"; sourceTree = "<group>"; };
		1124E4D91525B30A004532B6 /* egopv_right.png */ = {isa = PBXFileReference; lastKnownFileType = image.png; path = egopv_right.png; sourceTree = "<group>"; };
		1124E4DA1525B30A004532B6 /* egopv_right@2x.png */ = {isa = PBXFileReference; lastKnownFileType = image.png; path = "egopv_right@2x.png"; sourceTree = "<group>"; };
		1124E4DD1525B30A004532B6 /* EGOPhotoCaptionView.h */ = {isa = PBXFileReference; fileEncoding = 4; lastKnownFileType = sourcecode.c.h; path = EGOPhotoCaptionView.h; sourceTree = "<group>"; };
		1124E4DE1525B30A004532B6 /* EGOPhotoCaptionView.m */ = {isa = PBXFileReference; fileEncoding = 4; lastKnownFileType = sourcecode.c.objc; path = EGOPhotoCaptionView.m; sourceTree = "<group>"; };
		1124E4E01525B30A004532B6 /* EGOPhotoImageView.h */ = {isa = PBXFileReference; fileEncoding = 4; lastKnownFileType = sourcecode.c.h; path = EGOPhotoImageView.h; sourceTree = "<group>"; };
		1124E4E11525B30A004532B6 /* EGOPhotoImageView.m */ = {isa = PBXFileReference; fileEncoding = 4; lastKnownFileType = sourcecode.c.objc; path = EGOPhotoImageView.m; sourceTree = "<group>"; };
		1124E4E31525B30A004532B6 /* EGOPhotoScrollView.h */ = {isa = PBXFileReference; fileEncoding = 4; lastKnownFileType = sourcecode.c.h; path = EGOPhotoScrollView.h; sourceTree = "<group>"; };
		1124E4E41525B30A004532B6 /* EGOPhotoScrollView.m */ = {isa = PBXFileReference; fileEncoding = 4; lastKnownFileType = sourcecode.c.objc; path = EGOPhotoScrollView.m; sourceTree = "<group>"; };
		1124E4FC1525B42C004532B6 /* VolumnPhoto.h */ = {isa = PBXFileReference; fileEncoding = 4; lastKnownFileType = sourcecode.c.h; name = VolumnPhoto.h; path = model/VolumnPhoto.h; sourceTree = "<group>"; };
		1124E4FD1525B42C004532B6 /* VolumnPhoto.m */ = {isa = PBXFileReference; fileEncoding = 4; lastKnownFileType = sourcecode.c.objc; name = VolumnPhoto.m; path = model/VolumnPhoto.m; sourceTree = "<group>"; };
		1124E4FF1525B452004532B6 /* VolumnPhotoSource.h */ = {isa = PBXFileReference; fileEncoding = 4; lastKnownFileType = sourcecode.c.h; name = VolumnPhotoSource.h; path = model/VolumnPhotoSource.h; sourceTree = "<group>"; };
		1124E5001525B453004532B6 /* VolumnPhotoSource.m */ = {isa = PBXFileReference; fileEncoding = 4; lastKnownFileType = sourcecode.c.objc; name = VolumnPhotoSource.m; path = model/VolumnPhotoSource.m; sourceTree = "<group>"; };
		1124E5021525B796004532B6 /* MessageUI.framework */ = {isa = PBXFileReference; lastKnownFileType = wrapper.framework; name = MessageUI.framework; path = System/Library/Frameworks/MessageUI.framework; sourceTree = SDKROOT; };
		117F1D37150637BD0071BC2A /* ZoomView.h */ = {isa = PBXFileReference; fileEncoding = 4; lastKnownFileType = sourcecode.c.h; path = ZoomView.h; sourceTree = "<group>"; };
		117F1D38150637BD0071BC2A /* ZoomView.m */ = {isa = PBXFileReference; fileEncoding = 4; lastKnownFileType = sourcecode.c.objc; path = ZoomView.m; sourceTree = "<group>"; };
		117F1D6A150637C40071BC2A /* DocumentView-Shadow-Left.png */ = {isa = PBXFileReference; lastKnownFileType = image.png; path = "DocumentView-Shadow-Left.png"; sourceTree = "<group>"; };
		117F1D6B150637C40071BC2A /* DocumentView-Shadow-Right.png */ = {isa = PBXFileReference; lastKnownFileType = image.png; path = "DocumentView-Shadow-Right.png"; sourceTree = "<group>"; };
		117F1D6C150637C40071BC2A /* ExtendedPageControl-Info-Off.png */ = {isa = PBXFileReference; lastKnownFileType = image.png; path = "ExtendedPageControl-Info-Off.png"; sourceTree = "<group>"; };
		117F1D6D150637C40071BC2A /* ExtendedPageControl-Info-On.png */ = {isa = PBXFileReference; lastKnownFileType = image.png; path = "ExtendedPageControl-Info-On.png"; sourceTree = "<group>"; };
		117F1D6E150637C40071BC2A /* ExtendedPageControl-Item-Off.png */ = {isa = PBXFileReference; lastKnownFileType = image.png; path = "ExtendedPageControl-Item-Off.png"; sourceTree = "<group>"; };
		117F1D6F150637C40071BC2A /* ExtendedPageControl-Item-On.png */ = {isa = PBXFileReference; lastKnownFileType = image.png; path = "ExtendedPageControl-Item-On.png"; sourceTree = "<group>"; };
		117F1D70150637C40071BC2A /* FileSystemView-Directory.png */ = {isa = PBXFileReference; lastKnownFileType = image.png; path = "FileSystemView-Directory.png"; sourceTree = "<group>"; };
		117F1D71150637C40071BC2A /* FileSystemView-File.png */ = {isa = PBXFileReference; lastKnownFileType = image.png; path = "FileSystemView-File.png"; sourceTree = "<group>"; };
		117F1D72150637C40071BC2A /* GridView-Background.png */ = {isa = PBXFileReference; lastKnownFileType = image.png; path = "GridView-Background.png"; sourceTree = "<group>"; };
		117F1D73150637C40071BC2A /* MovieView-Button-Disabled.png */ = {isa = PBXFileReference; lastKnownFileType = image.png; path = "MovieView-Button-Disabled.png"; sourceTree = "<group>"; };
		117F1D74150637C40071BC2A /* MovieView-Button-Off.png */ = {isa = PBXFileReference; lastKnownFileType = image.png; path = "MovieView-Button-Off.png"; sourceTree = "<group>"; };
		117F1D75150637C40071BC2A /* MovieView-Button-On.png */ = {isa = PBXFileReference; lastKnownFileType = image.png; path = "MovieView-Button-On.png"; sourceTree = "<group>"; };
		117F1D76150637C40071BC2A /* NavigationControl-Marker.png */ = {isa = PBXFileReference; lastKnownFileType = image.png; path = "NavigationControl-Marker.png"; sourceTree = "<group>"; };
		117F1D77150637C40071BC2A /* NavigationControl-Thumb.png */ = {isa = PBXFileReference; lastKnownFileType = image.png; path = "NavigationControl-Thumb.png"; sourceTree = "<group>"; };
		117F1D78150637C40071BC2A /* OverlayView-Arrow-Bottom.png */ = {isa = PBXFileReference; lastKnownFileType = image.png; path = "OverlayView-Arrow-Bottom.png"; sourceTree = "<group>"; };
		117F1D79150637C40071BC2A /* OverlayView-Arrow-Left.png */ = {isa = PBXFileReference; lastKnownFileType = image.png; path = "OverlayView-Arrow-Left.png"; sourceTree = "<group>"; };
		117F1D7A150637C40071BC2A /* OverlayView-Arrow-Right.png */ = {isa = PBXFileReference; lastKnownFileType = image.png; path = "OverlayView-Arrow-Right.png"; sourceTree = "<group>"; };
		117F1D7B150637C40071BC2A /* OverlayView-Arrow-Top.png */ = {isa = PBXFileReference; lastKnownFileType = image.png; path = "OverlayView-Arrow-Top.png"; sourceTree = "<group>"; };
		117F1D7C150637C40071BC2A /* OverlayView-Contents.png */ = {isa = PBXFileReference; lastKnownFileType = image.png; path = "OverlayView-Contents.png"; sourceTree = "<group>"; };
		117F1D7D150637C40071BC2A /* TextIndex-StopWords.txt */ = {isa = PBXFileReference; fileEncoding = 4; lastKnownFileType = text; path = "TextIndex-StopWords.txt"; sourceTree = "<group>"; };
		117F1D7E150637C40071BC2A /* WebViewController-Back.png */ = {isa = PBXFileReference; lastKnownFileType = image.png; path = "WebViewController-Back.png"; sourceTree = "<group>"; };
		117F1D7F150637C40071BC2A /* WebViewController-Forward.png */ = {isa = PBXFileReference; lastKnownFileType = image.png; path = "WebViewController-Forward.png"; sourceTree = "<group>"; };
		117F1D9615063DDC0071BC2A /* ComicPageView.h */ = {isa = PBXFileReference; fileEncoding = 4; lastKnownFileType = sourcecode.c.h; path = ComicPageView.h; sourceTree = "<group>"; };
		117F1D9715063DDD0071BC2A /* ComicPageView.m */ = {isa = PBXFileReference; fileEncoding = 4; lastKnownFileType = sourcecode.c.objc; path = ComicPageView.m; sourceTree = "<group>"; };
		117F1DC91507A37B0071BC2A /* libxml2.dylib */ = {isa = PBXFileReference; lastKnownFileType = "compiled.mach-o.dylib"; name = libxml2.dylib; path = usr/lib/libxml2.dylib; sourceTree = SDKROOT; };
		11BD614D151046100005568C /* libsqlite3.dylib */ = {isa = PBXFileReference; lastKnownFileType = "compiled.mach-o.dylib"; name = libsqlite3.dylib; path = usr/lib/libsqlite3.dylib; sourceTree = SDKROOT; };
		11BD614F151049370005568C /* QuartzCore.framework */ = {isa = PBXFileReference; lastKnownFileType = wrapper.framework; name = QuartzCore.framework; path = System/Library/Frameworks/QuartzCore.framework; sourceTree = SDKROOT; };
		11BD61F315137B510005568C /* Comic.h */ = {isa = PBXFileReference; fileEncoding = 4; lastKnownFileType = sourcecode.c.h; path = Comic.h; sourceTree = "<group>"; };
		11BD61F415137B510005568C /* Comic.m */ = {isa = PBXFileReference; fileEncoding = 4; lastKnownFileType = sourcecode.c.objc; path = Comic.m; sourceTree = "<group>"; };
		11BD61F6151461790005568C /* Volumn.h */ = {isa = PBXFileReference; fileEncoding = 4; lastKnownFileType = sourcecode.c.h; path = Volumn.h; sourceTree = "<group>"; };
		11BD61F7151461790005568C /* Volumn.m */ = {isa = PBXFileReference; fileEncoding = 4; lastKnownFileType = sourcecode.c.objc; path = Volumn.m; sourceTree = "<group>"; };
		11BD61FE15147A0F0005568C /* AFHTTPClient.h */ = {isa = PBXFileReference; fileEncoding = 4; lastKnownFileType = sourcecode.c.h; path = AFHTTPClient.h; sourceTree = "<group>"; };
		11BD61FF15147A0F0005568C /* AFHTTPClient.m */ = {isa = PBXFileReference; fileEncoding = 4; lastKnownFileType = sourcecode.c.objc; path = AFHTTPClient.m; sourceTree = "<group>"; };
		11BD620015147A0F0005568C /* AFHTTPRequestOperation.h */ = {isa = PBXFileReference; fileEncoding = 4; lastKnownFileType = sourcecode.c.h; path = AFHTTPRequestOperation.h; sourceTree = "<group>"; };
		11BD620115147A0F0005568C /* AFHTTPRequestOperation.m */ = {isa = PBXFileReference; fileEncoding = 4; lastKnownFileType = sourcecode.c.objc; path = AFHTTPRequestOperation.m; sourceTree = "<group>"; };
		11BD620215147A0F0005568C /* AFImageCache.h */ = {isa = PBXFileReference; fileEncoding = 4; lastKnownFileType = sourcecode.c.h; path = AFImageCache.h; sourceTree = "<group>"; };
		11BD620315147A0F0005568C /* AFImageCache.m */ = {isa = PBXFileReference; fileEncoding = 4; lastKnownFileType = sourcecode.c.objc; path = AFImageCache.m; sourceTree = "<group>"; };
		11BD620415147A0F0005568C /* AFImageRequestOperation.h */ = {isa = PBXFileReference; fileEncoding = 4; lastKnownFileType = sourcecode.c.h; path = AFImageRequestOperation.h; sourceTree = "<group>"; };
		11BD620515147A0F0005568C /* AFImageRequestOperation.m */ = {isa = PBXFileReference; fileEncoding = 4; lastKnownFileType = sourcecode.c.objc; path = AFImageRequestOperation.m; sourceTree = "<group>"; };
		11BD620615147A0F0005568C /* AFJSONRequestOperation.h */ = {isa = PBXFileReference; fileEncoding = 4; lastKnownFileType = sourcecode.c.h; path = AFJSONRequestOperation.h; sourceTree = "<group>"; };
		11BD620715147A0F0005568C /* AFJSONRequestOperation.m */ = {isa = PBXFileReference; fileEncoding = 4; lastKnownFileType = sourcecode.c.objc; path = AFJSONRequestOperation.m; sourceTree = "<group>"; };
		11BD620815147A0F0005568C /* AFJSONUtilities.h */ = {isa = PBXFileReference; fileEncoding = 4; lastKnownFileType = sourcecode.c.h; path = AFJSONUtilities.h; sourceTree = "<group>"; };
		11BD620915147A0F0005568C /* AFNetworkActivityIndicatorManager.h */ = {isa = PBXFileReference; fileEncoding = 4; lastKnownFileType = sourcecode.c.h; path = AFNetworkActivityIndicatorManager.h; sourceTree = "<group>"; };
		11BD620A15147A0F0005568C /* AFNetworkActivityIndicatorManager.m */ = {isa = PBXFileReference; fileEncoding = 4; lastKnownFileType = sourcecode.c.objc; path = AFNetworkActivityIndicatorManager.m; sourceTree = "<group>"; };
		11BD620B15147A0F0005568C /* AFNetworking.h */ = {isa = PBXFileReference; fileEncoding = 4; lastKnownFileType = sourcecode.c.h; path = AFNetworking.h; sourceTree = "<group>"; };
		11BD620C15147A0F0005568C /* AFPropertyListRequestOperation.h */ = {isa = PBXFileReference; fileEncoding = 4; lastKnownFileType = sourcecode.c.h; path = AFPropertyListRequestOperation.h; sourceTree = "<group>"; };
		11BD620D15147A0F0005568C /* AFPropertyListRequestOperation.m */ = {isa = PBXFileReference; fileEncoding = 4; lastKnownFileType = sourcecode.c.objc; path = AFPropertyListRequestOperation.m; sourceTree = "<group>"; };
		11BD620E15147A0F0005568C /* AFURLConnectionOperation.h */ = {isa = PBXFileReference; fileEncoding = 4; lastKnownFileType = sourcecode.c.h; path = AFURLConnectionOperation.h; sourceTree = "<group>"; };
		11BD620F15147A0F0005568C /* AFURLConnectionOperation.m */ = {isa = PBXFileReference; fileEncoding = 4; lastKnownFileType = sourcecode.c.objc; path = AFURLConnectionOperation.m; sourceTree = "<group>"; };
		11BD621015147A0F0005568C /* AFXMLRequestOperation.h */ = {isa = PBXFileReference; fileEncoding = 4; lastKnownFileType = sourcecode.c.h; path = AFXMLRequestOperation.h; sourceTree = "<group>"; };
		11BD621115147A0F0005568C /* AFXMLRequestOperation.m */ = {isa = PBXFileReference; fileEncoding = 4; lastKnownFileType = sourcecode.c.objc; path = AFXMLRequestOperation.m; sourceTree = "<group>"; };
		11BD621215147A0F0005568C /* UIImageView+AFNetworking.h */ = {isa = PBXFileReference; fileEncoding = 4; lastKnownFileType = sourcecode.c.h; path = "UIImageView+AFNetworking.h"; sourceTree = "<group>"; };
		11BD621315147A0F0005568C /* UIImageView+AFNetworking.m */ = {isa = PBXFileReference; fileEncoding = 4; lastKnownFileType = sourcecode.c.objc; path = "UIImageView+AFNetworking.m"; sourceTree = "<group>"; };
		11BD621F15147A170005568C /* GDataXMLNode.h */ = {isa = PBXFileReference; fileEncoding = 4; lastKnownFileType = sourcecode.c.h; path = GDataXMLNode.h; sourceTree = "<group>"; };
		11BD622015147A170005568C /* GDataXMLNode.m */ = {isa = PBXFileReference; fileEncoding = 4; lastKnownFileType = sourcecode.c.objc; path = GDataXMLNode.m; sourceTree = "<group>"; };
		11BD6223151499EE0005568C /* HTMLNode.h */ = {isa = PBXFileReference; fileEncoding = 4; lastKnownFileType = sourcecode.c.h; path = HTMLNode.h; sourceTree = "<group>"; };
		11BD6224151499EE0005568C /* HTMLNode.m */ = {isa = PBXFileReference; fileEncoding = 4; lastKnownFileType = sourcecode.c.objc; path = HTMLNode.m; sourceTree = "<group>"; };
		11BD6225151499EE0005568C /* HTMLParser.h */ = {isa = PBXFileReference; fileEncoding = 4; lastKnownFileType = sourcecode.c.h; path = HTMLParser.h; sourceTree = "<group>"; };
		11BD6226151499EE0005568C /* HTMLParser.m */ = {isa = PBXFileReference; fileEncoding = 4; lastKnownFileType = sourcecode.c.objc; path = HTMLParser.m; sourceTree = "<group>"; };
		11BD62291514ACA50005568C /* VolumnController.h */ = {isa = PBXFileReference; fileEncoding = 4; lastKnownFileType = sourcecode.c.h; path = VolumnController.h; sourceTree = "<group>"; };
		11BD622A1514ACA50005568C /* VolumnController.m */ = {isa = PBXFileReference; fileEncoding = 4; lastKnownFileType = sourcecode.c.objc; path = VolumnController.m; sourceTree = "<group>"; };
		11F3F67B151581DE00F2D50B /* KangDmParser.h */ = {isa = PBXFileReference; fileEncoding = 4; lastKnownFileType = sourcecode.c.h; name = KangDmParser.h; path = WebParser/KangDmParser.h; sourceTree = "<group>"; };
		11F3F67C151581DE00F2D50B /* KangDmParser.m */ = {isa = PBXFileReference; fileEncoding = 4; lastKnownFileType = sourcecode.c.objc; name = KangDmParser.m; path = WebParser/KangDmParser.m; sourceTree = "<group>"; };
		11F3F69E1515966A00F2D50B /* KangDmParserTests.h */ = {isa = PBXFileReference; fileEncoding = 4; lastKnownFileType = sourcecode.c.h; path = KangDmParserTests.h; sourceTree = "<group>"; };
		11F3F69F1515966A00F2D50B /* KangDmParserTests.m */ = {isa = PBXFileReference; fileEncoding = 4; lastKnownFileType = sourcecode.c.objc; path = KangDmParserTests.m; sourceTree = "<group>"; };
		11F3F6AF1521B57700F2D50B /* WebParser.h */ = {isa = PBXFileReference; fileEncoding = 4; lastKnownFileType = sourcecode.c.h; name = WebParser.h; path = WebParser/WebParser.h; sourceTree = "<group>"; };
		11F3F6B01521B57700F2D50B /* WebParser.m */ = {isa = PBXFileReference; fileEncoding = 4; lastKnownFileType = sourcecode.c.objc; name = WebParser.m; path = WebParser/WebParser.m; sourceTree = "<group>"; };
		11F3F6B31522035B00F2D50B /* comicbook.png */ = {isa = PBXFileReference; lastKnownFileType = image.png; name = comicbook.png; path = ../../comicbook.png; sourceTree = "<group>"; };
/* End PBXFileReference section */

/* Begin PBXFrameworksBuildPhase section */
		111B7ADA14FF9CEF009141C0 /* Frameworks */ = {
			isa = PBXFrameworksBuildPhase;
			buildActionMask = 2147483647;
			files = (
				1124E5031525B797004532B6 /* MessageUI.framework in Frameworks */,
				11BD6150151049370005568C /* QuartzCore.framework in Frameworks */,
				11BD614E151046100005568C /* libsqlite3.dylib in Frameworks */,
				117F1DCA1507A37C0071BC2A /* libxml2.dylib in Frameworks */,
				111B7AE214FF9CEF009141C0 /* UIKit.framework in Frameworks */,
				111B7AE414FF9CEF009141C0 /* Foundation.framework in Frameworks */,
				111B7AE614FF9CEF009141C0 /* CoreGraphics.framework in Frameworks */,
			);
			runOnlyForDeploymentPostprocessing = 0;
		};
		111B7AFA14FF9CEF009141C0 /* Frameworks */ = {
			isa = PBXFrameworksBuildPhase;
			buildActionMask = 2147483647;
			files = (
				111B7B0014FF9CF0009141C0 /* SenTestingKit.framework in Frameworks */,
				111B7B0114FF9CF0009141C0 /* UIKit.framework in Frameworks */,
				111B7B0214FF9CF0009141C0 /* Foundation.framework in Frameworks */,
			);
			runOnlyForDeploymentPostprocessing = 0;
		};
/* End PBXFrameworksBuildPhase section */

/* Begin PBXGroup section */
		111B7AD214FF9CEF009141C0 = {
			isa = PBXGroup;
			children = (
				111B7AE714FF9CEF009141C0 /* ComicViewer */,
				111B7B0514FF9CF0009141C0 /* ComicViewerTests */,
				111B7AE014FF9CEF009141C0 /* Frameworks */,
				111B7ADE14FF9CEF009141C0 /* Products */,
			);
			sourceTree = "<group>";
		};
		111B7ADE14FF9CEF009141C0 /* Products */ = {
			isa = PBXGroup;
			children = (
				111B7ADD14FF9CEF009141C0 /* ComicViewer.app */,
				111B7AFE14FF9CF0009141C0 /* ComicViewerTests.octest */,
			);
			name = Products;
			sourceTree = "<group>";
		};
		111B7AE014FF9CEF009141C0 /* Frameworks */ = {
			isa = PBXGroup;
			children = (
				1124E5021525B796004532B6 /* MessageUI.framework */,
				11BD614D151046100005568C /* libsqlite3.dylib */,
				11BD614F151049370005568C /* QuartzCore.framework */,
				117F1DC91507A37B0071BC2A /* libxml2.dylib */,
				111B7AE114FF9CEF009141C0 /* UIKit.framework */,
				111B7AE314FF9CEF009141C0 /* Foundation.framework */,
				111B7AE514FF9CEF009141C0 /* CoreGraphics.framework */,
				111B7AFF14FF9CF0009141C0 /* SenTestingKit.framework */,
			);
			name = Frameworks;
			sourceTree = "<group>";
		};
		111B7AE714FF9CEF009141C0 /* ComicViewer */ = {
			isa = PBXGroup;
			children = (
				1124E4FA1525B3B7004532B6 /* ComicModel */,
				1124E4BA1525B309004532B6 /* EGOViewer */,
				11F3F67A1515815E00F2D50B /* WebParser */,
				11BD6222151499EE0005568C /* HTMLParser */,
				11BD621E15147A170005568C /* GDataXML */,
				11BD61FD15147A0E0005568C /* AFNetworking */,
				117F1D69150637C40071BC2A /* Resources */,
				117F1CDC150637BD0071BC2A /* cooliris */,
				111B7AF014FF9CEF009141C0 /* AppDelegate.h */,
				111B7AF114FF9CEF009141C0 /* AppDelegate.m */,
				111B7AF314FF9CEF009141C0 /* ViewController.h */,
				111B7AF414FF9CEF009141C0 /* ViewController.m */,
				111B7AF614FF9CEF009141C0 /* ViewController.xib */,
				111B7AE814FF9CEF009141C0 /* Supporting Files */,
				117F1D9615063DDC0071BC2A /* ComicPageView.h */,
				117F1D9715063DDD0071BC2A /* ComicPageView.m */,
				11BD61F315137B510005568C /* Comic.h */,
				11BD61F415137B510005568C /* Comic.m */,
				11BD61F6151461790005568C /* Volumn.h */,
				11BD61F7151461790005568C /* Volumn.m */,
				11BD62291514ACA50005568C /* VolumnController.h */,
				11BD622A1514ACA50005568C /* VolumnController.m */,
			);
			path = ComicViewer;
			sourceTree = "<group>";
		};
		111B7AE814FF9CEF009141C0 /* Supporting Files */ = {
			isa = PBXGroup;
			children = (
				111B7AE914FF9CEF009141C0 /* ComicViewer-Info.plist */,
				111B7AEA14FF9CEF009141C0 /* InfoPlist.strings */,
				111B7AED14FF9CEF009141C0 /* main.m */,
				111B7AEF14FF9CEF009141C0 /* ComicViewer-Prefix.pch */,
			);
			name = "Supporting Files";
			sourceTree = "<group>";
		};
		111B7B0514FF9CF0009141C0 /* ComicViewerTests */ = {
			isa = PBXGroup;
			children = (
				111B7B0B14FF9CF0009141C0 /* ComicViewerTests.h */,
				111B7B0C14FF9CF0009141C0 /* ComicViewerTests.m */,
				111B7B0614FF9CF0009141C0 /* Supporting Files */,
				11F3F69E1515966A00F2D50B /* KangDmParserTests.h */,
				11F3F69F1515966A00F2D50B /* KangDmParserTests.m */,
			);
			path = ComicViewerTests;
			sourceTree = "<group>";
		};
		111B7B0614FF9CF0009141C0 /* Supporting Files */ = {
			isa = PBXGroup;
			children = (
				111B7B0714FF9CF0009141C0 /* ComicViewerTests-Info.plist */,
				111B7B0814FF9CF0009141C0 /* InfoPlist.strings */,
			);
			name = "Supporting Files";
			sourceTree = "<group>";
		};
		1124E4BA1525B309004532B6 /* EGOViewer */ = {
			isa = PBXGroup;
			children = (
				1124E4BB1525B30A004532B6 /* EGOCache.h */,
				1124E4BC1525B30A004532B6 /* EGOCache.m */,
				1124E4BD1525B30A004532B6 /* EGOImageLoadConnection.h */,
				1124E4BE1525B30A004532B6 /* EGOImageLoadConnection.m */,
				1124E4BF1525B30A004532B6 /* EGOImageLoader.h */,
				1124E4C01525B30A004532B6 /* EGOImageLoader.m */,
				1124E4C11525B30A004532B6 /* EGOPhotoViewer */,
			);
			path = EGOViewer;
			sourceTree = SOURCE_ROOT;
		};
		1124E4C11525B30A004532B6 /* EGOPhotoViewer */ = {
			isa = PBXGroup;
			children = (
				1124E4C21525B30A004532B6 /* Controller */,
				1124E4C61525B30A004532B6 /* EGOPhotoGlobal.h */,
				1124E4C71525B30A004532B6 /* Model */,
				1124E4CF1525B30A004532B6 /* Resources */,
				1124E4DB1525B30A004532B6 /* Views */,
			);
			path = EGOPhotoViewer;
			sourceTree = "<group>";
		};
		1124E4C21525B30A004532B6 /* Controller */ = {
			isa = PBXGroup;
			children = (
				1124E4C31525B30A004532B6 /* EGOPhotoViewController */,
			);
			path = Controller;
			sourceTree = "<group>";
		};
		1124E4C31525B30A004532B6 /* EGOPhotoViewController */ = {
			isa = PBXGroup;
			children = (
				1124E4C41525B30A004532B6 /* EGOPhotoViewController.h */,
				1124E4C51525B30A004532B6 /* EGOPhotoViewController.m */,
			);
			path = EGOPhotoViewController;
			sourceTree = "<group>";
		};
		1124E4C71525B30A004532B6 /* Model */ = {
			isa = PBXGroup;
			children = (
				1124E4C81525B30A004532B6 /* EGOPhotoSource */,
				1124E4CA1525B30A004532B6 /* EGOQuickPhoto */,
			);
			path = Model;
			sourceTree = "<group>";
		};
		1124E4C81525B30A004532B6 /* EGOPhotoSource */ = {
			isa = PBXGroup;
			children = (
				1124E4C91525B30A004532B6 /* EGOPhotoSource.h */,
			);
			path = EGOPhotoSource;
			sourceTree = "<group>";
		};
		1124E4CA1525B30A004532B6 /* EGOQuickPhoto */ = {
			isa = PBXGroup;
			children = (
				1124E4CB1525B30A004532B6 /* EGOQuickPhoto.h */,
				1124E4CC1525B30A004532B6 /* EGOQuickPhoto.m */,
				1124E4CD1525B30A004532B6 /* EGOQuickPhotoSource.h */,
				1124E4CE1525B30A004532B6 /* EGOQuickPhotoSource.m */,
			);
			path = EGOQuickPhoto;
			sourceTree = "<group>";
		};
		1124E4CF1525B30A004532B6 /* Resources */ = {
			isa = PBXGroup;
			children = (
				1124E4D01525B30A004532B6 /* egopv_error_placeholder.png */,
				1124E4D11525B30A004532B6 /* egopv_error_placeholder@2x.png */,
				1124E4D21525B30A004532B6 /* egopv_fullscreen_button.png */,
				1124E4D31525B30A004532B6 /* egopv_fullscreen_button@2x.png */,
				1124E4D41525B30A004532B6 /* egopv_left.png */,
				1124E4D51525B30A004532B6 /* egopv_left@2x.png */,
				1124E4D61525B30A004532B6 /* egopv_minimize_fullscreen_button.png */,
				1124E4D71525B30A004532B6 /* egopv_photo_placeholder.png */,
				1124E4D81525B30A004532B6 /* egopv_photo_placeholder@2x.png */,
				1124E4D91525B30A004532B6 /* egopv_right.png */,
				1124E4DA1525B30A004532B6 /* egopv_right@2x.png */,
			);
			path = Resources;
			sourceTree = "<group>";
		};
		1124E4DB1525B30A004532B6 /* Views */ = {
			isa = PBXGroup;
			children = (
				1124E4DC1525B30A004532B6 /* EGOPhotoCaptionView */,
				1124E4DF1525B30A004532B6 /* EGOPhotoImageView */,
				1124E4E21525B30A004532B6 /* EGOPhotoScrollView */,
			);
			path = Views;
			sourceTree = "<group>";
		};
		1124E4DC1525B30A004532B6 /* EGOPhotoCaptionView */ = {
			isa = PBXGroup;
			children = (
				1124E4DD1525B30A004532B6 /* EGOPhotoCaptionView.h */,
				1124E4DE1525B30A004532B6 /* EGOPhotoCaptionView.m */,
			);
			path = EGOPhotoCaptionView;
			sourceTree = "<group>";
		};
		1124E4DF1525B30A004532B6 /* EGOPhotoImageView */ = {
			isa = PBXGroup;
			children = (
				1124E4E01525B30A004532B6 /* EGOPhotoImageView.h */,
				1124E4E11525B30A004532B6 /* EGOPhotoImageView.m */,
			);
			path = EGOPhotoImageView;
			sourceTree = "<group>";
		};
		1124E4E21525B30A004532B6 /* EGOPhotoScrollView */ = {
			isa = PBXGroup;
			children = (
				1124E4E31525B30A004532B6 /* EGOPhotoScrollView.h */,
				1124E4E41525B30A004532B6 /* EGOPhotoScrollView.m */,
			);
			path = EGOPhotoScrollView;
			sourceTree = "<group>";
		};
		1124E4FA1525B3B7004532B6 /* ComicModel */ = {
			isa = PBXGroup;
			children = (
				1124E4FC1525B42C004532B6 /* VolumnPhoto.h */,
				1124E4FD1525B42C004532B6 /* VolumnPhoto.m */,
				1124E4FF1525B452004532B6 /* VolumnPhotoSource.h */,
				1124E5001525B453004532B6 /* VolumnPhotoSource.m */,
			);
			name = ComicModel;
			sourceTree = "<group>";
		};
		117F1CDC150637BD0071BC2A /* cooliris */ = {
			isa = PBXGroup;
			children = (
				117F1D37150637BD0071BC2A /* ZoomView.h */,
				117F1D38150637BD0071BC2A /* ZoomView.m */,
			);
			path = cooliris;
			sourceTree = "<group>";
		};
		117F1D69150637C40071BC2A /* Resources */ = {
			isa = PBXGroup;
			children = (
				11F3F6B31522035B00F2D50B /* comicbook.png */,
				117F1D6A150637C40071BC2A /* DocumentView-Shadow-Left.png */,
				117F1D6B150637C40071BC2A /* DocumentView-Shadow-Right.png */,
				117F1D6C150637C40071BC2A /* ExtendedPageControl-Info-Off.png */,
				117F1D6D150637C40071BC2A /* ExtendedPageControl-Info-On.png */,
				117F1D6E150637C40071BC2A /* ExtendedPageControl-Item-Off.png */,
				117F1D6F150637C40071BC2A /* ExtendedPageControl-Item-On.png */,
				117F1D70150637C40071BC2A /* FileSystemView-Directory.png */,
				117F1D71150637C40071BC2A /* FileSystemView-File.png */,
				117F1D72150637C40071BC2A /* GridView-Background.png */,
				117F1D73150637C40071BC2A /* MovieView-Button-Disabled.png */,
				117F1D74150637C40071BC2A /* MovieView-Button-Off.png */,
				117F1D75150637C40071BC2A /* MovieView-Button-On.png */,
				117F1D76150637C40071BC2A /* NavigationControl-Marker.png */,
				117F1D77150637C40071BC2A /* NavigationControl-Thumb.png */,
				117F1D78150637C40071BC2A /* OverlayView-Arrow-Bottom.png */,
				117F1D79150637C40071BC2A /* OverlayView-Arrow-Left.png */,
				117F1D7A150637C40071BC2A /* OverlayView-Arrow-Right.png */,
				117F1D7B150637C40071BC2A /* OverlayView-Arrow-Top.png */,
				117F1D7C150637C40071BC2A /* OverlayView-Contents.png */,
				117F1D7D150637C40071BC2A /* TextIndex-StopWords.txt */,
				117F1D7E150637C40071BC2A /* WebViewController-Back.png */,
				117F1D7F150637C40071BC2A /* WebViewController-Forward.png */,
			);
			path = Resources;
			sourceTree = "<group>";
		};
		11BD61FD15147A0E0005568C /* AFNetworking */ = {
			isa = PBXGroup;
			children = (
				11BD61FE15147A0F0005568C /* AFHTTPClient.h */,
				11BD61FF15147A0F0005568C /* AFHTTPClient.m */,
				11BD620015147A0F0005568C /* AFHTTPRequestOperation.h */,
				11BD620115147A0F0005568C /* AFHTTPRequestOperation.m */,
				11BD620215147A0F0005568C /* AFImageCache.h */,
				11BD620315147A0F0005568C /* AFImageCache.m */,
				11BD620415147A0F0005568C /* AFImageRequestOperation.h */,
				11BD620515147A0F0005568C /* AFImageRequestOperation.m */,
				11BD620615147A0F0005568C /* AFJSONRequestOperation.h */,
				11BD620715147A0F0005568C /* AFJSONRequestOperation.m */,
				11BD620815147A0F0005568C /* AFJSONUtilities.h */,
				11BD620915147A0F0005568C /* AFNetworkActivityIndicatorManager.h */,
				11BD620A15147A0F0005568C /* AFNetworkActivityIndicatorManager.m */,
				11BD620B15147A0F0005568C /* AFNetworking.h */,
				11BD620C15147A0F0005568C /* AFPropertyListRequestOperation.h */,
				11BD620D15147A0F0005568C /* AFPropertyListRequestOperation.m */,
				11BD620E15147A0F0005568C /* AFURLConnectionOperation.h */,
				11BD620F15147A0F0005568C /* AFURLConnectionOperation.m */,
				11BD621015147A0F0005568C /* AFXMLRequestOperation.h */,
				11BD621115147A0F0005568C /* AFXMLRequestOperation.m */,
				11BD621215147A0F0005568C /* UIImageView+AFNetworking.h */,
				11BD621315147A0F0005568C /* UIImageView+AFNetworking.m */,
			);
			path = AFNetworking;
			sourceTree = SOURCE_ROOT;
		};
		11BD621E15147A170005568C /* GDataXML */ = {
			isa = PBXGroup;
			children = (
				11BD621F15147A170005568C /* GDataXMLNode.h */,
				11BD622015147A170005568C /* GDataXMLNode.m */,
			);
			path = GDataXML;
			sourceTree = SOURCE_ROOT;
		};
		11BD6222151499EE0005568C /* HTMLParser */ = {
			isa = PBXGroup;
			children = (
				11BD6223151499EE0005568C /* HTMLNode.h */,
				11BD6224151499EE0005568C /* HTMLNode.m */,
				11BD6225151499EE0005568C /* HTMLParser.h */,
				11BD6226151499EE0005568C /* HTMLParser.m */,
			);
			path = HTMLParser;
			sourceTree = SOURCE_ROOT;
		};
		11F3F67A1515815E00F2D50B /* WebParser */ = {
			isa = PBXGroup;
			children = (
				11F3F67B151581DE00F2D50B /* KangDmParser.h */,
				11F3F67C151581DE00F2D50B /* KangDmParser.m */,
				11F3F6AF1521B57700F2D50B /* WebParser.h */,
				11F3F6B01521B57700F2D50B /* WebParser.m */,
			);
			name = WebParser;
			sourceTree = "<group>";
		};
/* End PBXGroup section */

/* Begin PBXNativeTarget section */
		111B7ADC14FF9CEF009141C0 /* ComicViewer */ = {
			isa = PBXNativeTarget;
			buildConfigurationList = 111B7B1014FF9CF0009141C0 /* Build configuration list for PBXNativeTarget "ComicViewer" */;
			buildPhases = (
				111B7AD914FF9CEF009141C0 /* Sources */,
				111B7ADA14FF9CEF009141C0 /* Frameworks */,
				111B7ADB14FF9CEF009141C0 /* Resources */,
			);
			buildRules = (
			);
			dependencies = (
			);
			name = ComicViewer;
			productName = ComicViewer;
			productReference = 111B7ADD14FF9CEF009141C0 /* ComicViewer.app */;
			productType = "com.apple.product-type.application";
		};
		111B7AFD14FF9CEF009141C0 /* ComicViewerTests */ = {
			isa = PBXNativeTarget;
			buildConfigurationList = 111B7B1314FF9CF0009141C0 /* Build configuration list for PBXNativeTarget "ComicViewerTests" */;
			buildPhases = (
				111B7AF914FF9CEF009141C0 /* Sources */,
				111B7AFA14FF9CEF009141C0 /* Frameworks */,
				111B7AFB14FF9CEF009141C0 /* Resources */,
				111B7AFC14FF9CEF009141C0 /* ShellScript */,
			);
			buildRules = (
			);
			dependencies = (
				111B7B0414FF9CF0009141C0 /* PBXTargetDependency */,
			);
			name = ComicViewerTests;
			productName = ComicViewerTests;
			productReference = 111B7AFE14FF9CF0009141C0 /* ComicViewerTests.octest */;
			productType = "com.apple.product-type.bundle";
		};
/* End PBXNativeTarget section */

/* Begin PBXProject section */
		111B7AD414FF9CEF009141C0 /* Project object */ = {
			isa = PBXProject;
			attributes = {
				LastUpgradeCheck = 0420;
				ORGANIZATIONNAME = autodesk;
			};
			buildConfigurationList = 111B7AD714FF9CEF009141C0 /* Build configuration list for PBXProject "ComicViewer" */;
			compatibilityVersion = "Xcode 3.2";
			developmentRegion = English;
			hasScannedForEncodings = 0;
			knownRegions = (
				en,
			);
			mainGroup = 111B7AD214FF9CEF009141C0;
			productRefGroup = 111B7ADE14FF9CEF009141C0 /* Products */;
			projectDirPath = "";
			projectRoot = "";
			targets = (
				111B7ADC14FF9CEF009141C0 /* ComicViewer */,
				111B7AFD14FF9CEF009141C0 /* ComicViewerTests */,
			);
		};
/* End PBXProject section */

/* Begin PBXResourcesBuildPhase section */
		111B7ADB14FF9CEF009141C0 /* Resources */ = {
			isa = PBXResourcesBuildPhase;
			buildActionMask = 2147483647;
			files = (
				111B7AEC14FF9CEF009141C0 /* InfoPlist.strings in Resources */,
				111B7AF814FF9CEF009141C0 /* ViewController.xib in Resources */,
				117F1D80150637C40071BC2A /* DocumentView-Shadow-Left.png in Resources */,
				117F1D81150637C40071BC2A /* DocumentView-Shadow-Right.png in Resources */,
				117F1D82150637C40071BC2A /* ExtendedPageControl-Info-Off.png in Resources */,
				117F1D83150637C40071BC2A /* ExtendedPageControl-Info-On.png in Resources */,
				117F1D84150637C40071BC2A /* ExtendedPageControl-Item-Off.png in Resources */,
				117F1D85150637C40071BC2A /* ExtendedPageControl-Item-On.png in Resources */,
				117F1D86150637C40071BC2A /* FileSystemView-Directory.png in Resources */,
				117F1D87150637C40071BC2A /* FileSystemView-File.png in Resources */,
				117F1D88150637C40071BC2A /* GridView-Background.png in Resources */,
				117F1D89150637C40071BC2A /* MovieView-Button-Disabled.png in Resources */,
				117F1D8A150637C40071BC2A /* MovieView-Button-Off.png in Resources */,
				117F1D8B150637C40071BC2A /* MovieView-Button-On.png in Resources */,
				117F1D8C150637C40071BC2A /* NavigationControl-Marker.png in Resources */,
				117F1D8D150637C40071BC2A /* NavigationControl-Thumb.png in Resources */,
				117F1D8E150637C40071BC2A /* OverlayView-Arrow-Bottom.png in Resources */,
				117F1D8F150637C40071BC2A /* OverlayView-Arrow-Left.png in Resources */,
				117F1D90150637C40071BC2A /* OverlayView-Arrow-Right.png in Resources */,
				117F1D91150637C40071BC2A /* OverlayView-Arrow-Top.png in Resources */,
				117F1D92150637C40071BC2A /* OverlayView-Contents.png in Resources */,
				117F1D93150637C40071BC2A /* TextIndex-StopWords.txt in Resources */,
				117F1D94150637C40071BC2A /* WebViewController-Back.png in Resources */,
				117F1D95150637C40071BC2A /* WebViewController-Forward.png in Resources */,
				11F3F6B41522035B00F2D50B /* comicbook.png in Resources */,
				1124E4EB1525B30A004532B6 /* egopv_error_placeholder.png in Resources */,
				1124E4EC1525B30A004532B6 /* egopv_error_placeholder@2x.png in Resources */,
				1124E4ED1525B30A004532B6 /* egopv_fullscreen_button.png in Resources */,
				1124E4EE1525B30A004532B6 /* egopv_fullscreen_button@2x.png in Resources */,
				1124E4EF1525B30A004532B6 /* egopv_left.png in Resources */,
				1124E4F01525B30A004532B6 /* egopv_left@2x.png in Resources */,
				1124E4F11525B30A004532B6 /* egopv_minimize_fullscreen_button.png in Resources */,
				1124E4F21525B30A004532B6 /* egopv_photo_placeholder.png in Resources */,
				1124E4F31525B30A004532B6 /* egopv_photo_placeholder@2x.png in Resources */,
				1124E4F41525B30A004532B6 /* egopv_right.png in Resources */,
				1124E4F51525B30A004532B6 /* egopv_right@2x.png in Resources */,
			);
			runOnlyForDeploymentPostprocessing = 0;
		};
		111B7AFB14FF9CEF009141C0 /* Resources */ = {
			isa = PBXResourcesBuildPhase;
			buildActionMask = 2147483647;
			files = (
				111B7B0A14FF9CF0009141C0 /* InfoPlist.strings in Resources */,
			);
			runOnlyForDeploymentPostprocessing = 0;
		};
/* End PBXResourcesBuildPhase section */

/* Begin PBXShellScriptBuildPhase section */
		111B7AFC14FF9CEF009141C0 /* ShellScript */ = {
			isa = PBXShellScriptBuildPhase;
			buildActionMask = 2147483647;
			files = (
			);
			inputPaths = (
			);
			outputPaths = (
			);
			runOnlyForDeploymentPostprocessing = 0;
			shellPath = /bin/sh;
			shellScript = "# Run the unit tests in this test bundle.\n\"${SYSTEM_DEVELOPER_DIR}/Tools/RunUnitTests\"\n";
		};
/* End PBXShellScriptBuildPhase section */

/* Begin PBXSourcesBuildPhase section */
		111B7AD914FF9CEF009141C0 /* Sources */ = {
			isa = PBXSourcesBuildPhase;
			buildActionMask = 2147483647;
			files = (
				111B7AEE14FF9CEF009141C0 /* main.m in Sources */,
				111B7AF214FF9CEF009141C0 /* AppDelegate.m in Sources */,
				111B7AF514FF9CEF009141C0 /* ViewController.m in Sources */,
				117F1D68150637BD0071BC2A /* ZoomView.m in Sources */,
				117F1D9815063DDE0071BC2A /* ComicPageView.m in Sources */,
				11BD61F515137B510005568C /* Comic.m in Sources */,
				11BD61F81514617A0005568C /* Volumn.m in Sources */,
				11BD621415147A0F0005568C /* AFHTTPClient.m in Sources */,
				11BD621515147A0F0005568C /* AFHTTPRequestOperation.m in Sources */,
				11BD621615147A0F0005568C /* AFImageCache.m in Sources */,
				11BD621715147A0F0005568C /* AFImageRequestOperation.m in Sources */,
				11BD621815147A0F0005568C /* AFJSONRequestOperation.m in Sources */,
				11BD621915147A0F0005568C /* AFNetworkActivityIndicatorManager.m in Sources */,
				11BD621A15147A0F0005568C /* AFPropertyListRequestOperation.m in Sources */,
				11BD621B15147A0F0005568C /* AFURLConnectionOperation.m in Sources */,
				11BD621C15147A0F0005568C /* AFXMLRequestOperation.m in Sources */,
				11BD621D15147A0F0005568C /* UIImageView+AFNetworking.m in Sources */,
				11BD622115147A170005568C /* GDataXMLNode.m in Sources */,
				11BD6227151499EE0005568C /* HTMLNode.m in Sources */,
				11BD6228151499EE0005568C /* HTMLParser.m in Sources */,
				11BD622B1514ACA60005568C /* VolumnController.m in Sources */,
				11F3F67D151581DE00F2D50B /* KangDmParser.m in Sources */,
				11F3F6B11521B57700F2D50B /* WebParser.m in Sources */,
				1124E4E51525B30A004532B6 /* EGOCache.m in Sources */,
				1124E4E61525B30A004532B6 /* EGOImageLoadConnection.m in Sources */,
				1124E4E71525B30A004532B6 /* EGOImageLoader.m in Sources */,
				1124E4E81525B30A004532B6 /* EGOPhotoViewController.m in Sources */,
				1124E4E91525B30A004532B6 /* EGOQuickPhoto.m in Sources */,
				1124E4EA1525B30A004532B6 /* EGOQuickPhotoSource.m in Sources */,
				1124E4F61525B30A004532B6 /* EGOPhotoCaptionView.m in Sources */,
				1124E4F71525B30A004532B6 /* EGOPhotoImageView.m in Sources */,
				1124E4F81525B30A004532B6 /* EGOPhotoScrollView.m in Sources */,
				1124E4FE1525B42C004532B6 /* VolumnPhoto.m in Sources */,
				1124E5011525B453004532B6 /* VolumnPhotoSource.m in Sources */,
			);
			runOnlyForDeploymentPostprocessing = 0;
		};
		111B7AF914FF9CEF009141C0 /* Sources */ = {
			isa = PBXSourcesBuildPhase;
			buildActionMask = 2147483647;
			files = (
				111B7B0D14FF9CF0009141C0 /* ComicViewerTests.m in Sources */,
				11F3F6A01515966A00F2D50B /* KangDmParserTests.m in Sources */,
			);
			runOnlyForDeploymentPostprocessing = 0;
		};
/* End PBXSourcesBuildPhase section */

/* Begin PBXTargetDependency section */
		111B7B0414FF9CF0009141C0 /* PBXTargetDependency */ = {
			isa = PBXTargetDependency;
			target = 111B7ADC14FF9CEF009141C0 /* ComicViewer */;
			targetProxy = 111B7B0314FF9CF0009141C0 /* PBXContainerItemProxy */;
		};
/* End PBXTargetDependency section */

/* Begin PBXVariantGroup section */
		111B7AEA14FF9CEF009141C0 /* InfoPlist.strings */ = {
			isa = PBXVariantGroup;
			children = (
				111B7AEB14FF9CEF009141C0 /* en */,
			);
			name = InfoPlist.strings;
			sourceTree = "<group>";
		};
		111B7AF614FF9CEF009141C0 /* ViewController.xib */ = {
			isa = PBXVariantGroup;
			children = (
				111B7AF714FF9CEF009141C0 /* en */,
			);
			name = ViewController.xib;
			sourceTree = "<group>";
		};
		111B7B0814FF9CF0009141C0 /* InfoPlist.strings */ = {
			isa = PBXVariantGroup;
			children = (
				111B7B0914FF9CF0009141C0 /* en */,
			);
			name = InfoPlist.strings;
			sourceTree = "<group>";
		};
/* End PBXVariantGroup section */

/* Begin XCBuildConfiguration section */
		111B7B0E14FF9CF0009141C0 /* Debug */ = {
			isa = XCBuildConfiguration;
			buildSettings = {
				ALWAYS_SEARCH_USER_PATHS = NO;
				ARCHS = "$(ARCHS_STANDARD_32_BIT)";
				"CODE_SIGN_IDENTITY[sdk=iphoneos*]" = "iPhone Developer";
				COPY_PHASE_STRIP = NO;
				GCC_C_LANGUAGE_STANDARD = gnu99;
				GCC_DYNAMIC_NO_PIC = NO;
				GCC_OPTIMIZATION_LEVEL = 0;
				GCC_PREPROCESSOR_DEFINITIONS = (
					"DEBUG=1",
					"$(inherited)",
				);
				GCC_SYMBOLS_PRIVATE_EXTERN = NO;
				GCC_VERSION = com.apple.compilers.llvm.clang.1_0;
				GCC_WARN_ABOUT_MISSING_PROTOTYPES = YES;
				GCC_WARN_ABOUT_RETURN_TYPE = YES;
				GCC_WARN_UNUSED_VARIABLE = YES;
				IPHONEOS_DEPLOYMENT_TARGET = 4.0;
				SDKROOT = iphoneos;
				TARGETED_DEVICE_FAMILY = 2;
			};
			name = Debug;
		};
		111B7B0F14FF9CF0009141C0 /* Release */ = {
			isa = XCBuildConfiguration;
			buildSettings = {
				ALWAYS_SEARCH_USER_PATHS = NO;
				ARCHS = "$(ARCHS_STANDARD_32_BIT)";
				"CODE_SIGN_IDENTITY[sdk=iphoneos*]" = "iPhone Developer";
				COPY_PHASE_STRIP = YES;
				GCC_C_LANGUAGE_STANDARD = gnu99;
				GCC_VERSION = com.apple.compilers.llvm.clang.1_0;
				GCC_WARN_ABOUT_MISSING_PROTOTYPES = YES;
				GCC_WARN_ABOUT_RETURN_TYPE = YES;
				GCC_WARN_UNUSED_VARIABLE = YES;
				IPHONEOS_DEPLOYMENT_TARGET = 4.0;
				OTHER_CFLAGS = "-DNS_BLOCK_ASSERTIONS=1";
				SDKROOT = iphoneos;
				TARGETED_DEVICE_FAMILY = 2;
				VALIDATE_PRODUCT = YES;
			};
			name = Release;
		};
		111B7B1114FF9CF0009141C0 /* Debug */ = {
			isa = XCBuildConfiguration;
			buildSettings = {
				GCC_PRECOMPILE_PREFIX_HEADER = YES;
				GCC_PREFIX_HEADER = "ComicViewer/ComicViewer-Prefix.pch";
				HEADER_SEARCH_PATHS = /usr/include/libxml2;
				INFOPLIST_FILE = "ComicViewer/ComicViewer-Info.plist";
				"OTHER_LDFLAGS[arch=*]" = "-ObjC";
				PRODUCT_NAME = "$(TARGET_NAME)";
				USER_HEADER_SEARCH_PATHS = "Libraries/** $(BUILT_PRODUCTS_DIR)/**";
				WRAPPER_EXTENSION = app;
			};
			name = Debug;
		};
		111B7B1214FF9CF0009141C0 /* Release */ = {
			isa = XCBuildConfiguration;
			buildSettings = {
				GCC_PRECOMPILE_PREFIX_HEADER = YES;
				GCC_PREFIX_HEADER = "ComicViewer/ComicViewer-Prefix.pch";
				HEADER_SEARCH_PATHS = /usr/include/libxml2;
				INFOPLIST_FILE = "ComicViewer/ComicViewer-Info.plist";
				"OTHER_LDFLAGS[arch=*]" = "-ObjC";
				PRODUCT_NAME = "$(TARGET_NAME)";
				USER_HEADER_SEARCH_PATHS = "Libraries/** $(BUILT_PRODUCTS_DIR)/**";
				WRAPPER_EXTENSION = app;
			};
			name = Release;
		};
		111B7B1414FF9CF0009141C0 /* Debug */ = {
			isa = XCBuildConfiguration;
			buildSettings = {
				BUNDLE_LOADER = "$(BUILT_PRODUCTS_DIR)/ComicViewer.app/ComicViewer";
				FRAMEWORK_SEARCH_PATHS = (
					"$(SDKROOT)/Developer/Library/Frameworks",
					"$(DEVELOPER_LIBRARY_DIR)/Frameworks",
				);
				GCC_PRECOMPILE_PREFIX_HEADER = YES;
				GCC_PREFIX_HEADER = "ComicViewer/ComicViewer-Prefix.pch";
				INFOPLIST_FILE = "ComicViewerTests/ComicViewerTests-Info.plist";
				New_Setting = "";
				PRODUCT_NAME = "$(TARGET_NAME)";
				TEST_HOST = "$(BUNDLE_LOADER)";
				WRAPPER_EXTENSION = octest;
			};
			name = Debug;
		};
		111B7B1514FF9CF0009141C0 /* Release */ = {
			isa = XCBuildConfiguration;
			buildSettings = {
				BUNDLE_LOADER = "$(BUILT_PRODUCTS_DIR)/ComicViewer.app/ComicViewer";
				FRAMEWORK_SEARCH_PATHS = (
					"$(SDKROOT)/Developer/Library/Frameworks",
					"$(DEVELOPER_LIBRARY_DIR)/Frameworks",
				);
				GCC_PRECOMPILE_PREFIX_HEADER = YES;
				GCC_PREFIX_HEADER = "ComicViewer/ComicViewer-Prefix.pch";
				INFOPLIST_FILE = "ComicViewerTests/ComicViewerTests-Info.plist";
				New_Setting = "";
				PRODUCT_NAME = "$(TARGET_NAME)";
				TEST_HOST = "$(BUNDLE_LOADER)";
				WRAPPER_EXTENSION = octest;
			};
			name = Release;
		};
/* End XCBuildConfiguration section */

/* Begin XCConfigurationList section */
		111B7AD714FF9CEF009141C0 /* Build configuration list for PBXProject "ComicViewer" */ = {
			isa = XCConfigurationList;
			buildConfigurations = (
				111B7B0E14FF9CF0009141C0 /* Debug */,
				111B7B0F14FF9CF0009141C0 /* Release */,
			);
			defaultConfigurationIsVisible = 0;
			defaultConfigurationName = Release;
		};
		111B7B1014FF9CF0009141C0 /* Build configuration list for PBXNativeTarget "ComicViewer" */ = {
			isa = XCConfigurationList;
			buildConfigurations = (
				111B7B1114FF9CF0009141C0 /* Debug */,
				111B7B1214FF9CF0009141C0 /* Release */,
			);
			defaultConfigurationIsVisible = 0;
			defaultConfigurationName = Release;
		};
		111B7B1314FF9CF0009141C0 /* Build configuration list for PBXNativeTarget "ComicViewerTests" */ = {
			isa = XCConfigurationList;
			buildConfigurations = (
				111B7B1414FF9CF0009141C0 /* Debug */,
				111B7B1514FF9CF0009141C0 /* Release */,
			);
			defaultConfigurationIsVisible = 0;
			defaultConfigurationName = Release;
		};
/* End XCConfigurationList section */
	};
	rootObject = 111B7AD414FF9CEF009141C0 /* Project object */;
}
